// !$*UTF8*$!
{
	archiveVersion = 1;
	classes = {
	};
	objectVersion = 46;
	objects = {

/* Begin PBXBuildFile section */
		8334696D13F28D1F00ACD8BE /* UIKit.framework in Frameworks */ = {isa = PBXBuildFile; fileRef = 8334696C13F28D1F00ACD8BE /* UIKit.framework */; };
		8334696F13F28D1F00ACD8BE /* Foundation.framework in Frameworks */ = {isa = PBXBuildFile; fileRef = 8334696E13F28D1F00ACD8BE /* Foundation.framework */; };
		8334697113F28D1F00ACD8BE /* CoreGraphics.framework in Frameworks */ = {isa = PBXBuildFile; fileRef = 8334697013F28D1F00ACD8BE /* CoreGraphics.framework */; };
		8334697713F28D1F00ACD8BE /* InfoPlist.strings in Resources */ = {isa = PBXBuildFile; fileRef = 8334697513F28D1F00ACD8BE /* InfoPlist.strings */; };
		8334697A13F28D1F00ACD8BE /* main.m in Sources */ = {isa = PBXBuildFile; fileRef = 8334697913F28D1F00ACD8BE /* main.m */; };
		8334697D13F28D1F00ACD8BE /* HackerNewsReaderAppDelegate.m in Sources */ = {isa = PBXBuildFile; fileRef = 8334697C13F28D1F00ACD8BE /* HackerNewsReaderAppDelegate.m */; };
		8334698013F28D1F00ACD8BE /* MainWindow.xib in Resources */ = {isa = PBXBuildFile; fileRef = 8334697E13F28D1F00ACD8BE /* MainWindow.xib */; };
		8334699613F2903200ACD8BE /* Home.m in Sources */ = {isa = PBXBuildFile; fileRef = 8334699413F2903200ACD8BE /* Home.m */; };
		8334699713F2903200ACD8BE /* Home.xib in Resources */ = {isa = PBXBuildFile; fileRef = 8334699513F2903200ACD8BE /* Home.xib */; };
		8334699B13F2911700ACD8BE /* house.png in Resources */ = {isa = PBXBuildFile; fileRef = 8334699913F2911700ACD8BE /* house.png */; };
		8334699C13F2911700ACD8BE /* house@2x.png in Resources */ = {isa = PBXBuildFile; fileRef = 8334699A13F2911700ACD8BE /* house@2x.png */; };
		8334699E13F2915400ACD8BE /* Readme.txt in Resources */ = {isa = PBXBuildFile; fileRef = 8334699D13F2915400ACD8BE /* Readme.txt */; };
		833469A213F2935100ACD8BE /* NewArticles.m in Sources */ = {isa = PBXBuildFile; fileRef = 833469A013F2935100ACD8BE /* NewArticles.m */; };
		833469A313F2935100ACD8BE /* NewArticles.xib in Resources */ = {isa = PBXBuildFile; fileRef = 833469A113F2935100ACD8BE /* NewArticles.xib */; };
		833469A713F293C000ACD8BE /* Classic.m in Sources */ = {isa = PBXBuildFile; fileRef = 833469A513F293C000ACD8BE /* Classic.m */; };
		833469A813F293C000ACD8BE /* Classic.xib in Resources */ = {isa = PBXBuildFile; fileRef = 833469A613F293C000ACD8BE /* Classic.xib */; };
		833469AB13F293C800ACD8BE /* alarm.png in Resources */ = {isa = PBXBuildFile; fileRef = 833469A913F293C800ACD8BE /* alarm.png */; };
		833469AC13F293C800ACD8BE /* alarm@2x.png in Resources */ = {isa = PBXBuildFile; fileRef = 833469AA13F293C800ACD8BE /* alarm@2x.png */; };
		833469AF13F2942200ACD8BE /* fire.png in Resources */ = {isa = PBXBuildFile; fileRef = 833469AD13F2942200ACD8BE /* fire.png */; };
		833469B013F2942200ACD8BE /* fire@2x.png in Resources */ = {isa = PBXBuildFile; fileRef = 833469AE13F2942200ACD8BE /* fire@2x.png */; };
		833469B413F2945300ACD8BE /* Best.m in Sources */ = {isa = PBXBuildFile; fileRef = 833469B213F2945300ACD8BE /* Best.m */; };
		833469B513F2945300ACD8BE /* Best.xib in Resources */ = {isa = PBXBuildFile; fileRef = 833469B313F2945300ACD8BE /* Best.xib */; };
		833469B913F350F900ACD8BE /* Comments.m in Sources */ = {isa = PBXBuildFile; fileRef = 833469B713F350F900ACD8BE /* Comments.m */; };
		833469BA13F350F900ACD8BE /* Comments.xib in Resources */ = {isa = PBXBuildFile; fileRef = 833469B813F350F900ACD8BE /* Comments.xib */; };
		834D0EF013F35EB900ECDAE7 /* FMDatabase.m in Sources */ = {isa = PBXBuildFile; fileRef = 834D0EEA13F35EB900ECDAE7 /* FMDatabase.m */; };
		834D0EF113F35EB900ECDAE7 /* FMDatabaseAdditions.m in Sources */ = {isa = PBXBuildFile; fileRef = 834D0EEC13F35EB900ECDAE7 /* FMDatabaseAdditions.m */; };
		834D0EF213F35EB900ECDAE7 /* FMResultSet.m in Sources */ = {isa = PBXBuildFile; fileRef = 834D0EEE13F35EB900ECDAE7 /* FMResultSet.m */; };
		834D0EF313F35EB900ECDAE7 /* LICENSE.txt in Resources */ = {isa = PBXBuildFile; fileRef = 834D0EEF13F35EB900ECDAE7 /* LICENSE.txt */; };
		834D0EF613F35ED000ECDAE7 /* libsqlite3.dylib in Frameworks */ = {isa = PBXBuildFile; fileRef = 834D0EF513F35ED000ECDAE7 /* libsqlite3.dylib */; };
		835B9DA713F3EB0D00EDA41B /* HnScraper.m in Sources */ = {isa = PBXBuildFile; fileRef = 835B9DA613F3EB0D00EDA41B /* HnScraper.m */; };
		836FBD8113F37C1900AFC570 /* ConciseKit.m in Sources */ = {isa = PBXBuildFile; fileRef = 836FBD7813F37C1900AFC570 /* ConciseKit.m */; };
		836FBD8213F37C1900AFC570 /* LICENSE in Resources */ = {isa = PBXBuildFile; fileRef = 836FBD7913F37C1900AFC570 /* LICENSE */; };
		836FBD8313F37C1900AFC570 /* NSArray+ConciseKit.m in Sources */ = {isa = PBXBuildFile; fileRef = 836FBD7B13F37C1900AFC570 /* NSArray+ConciseKit.m */; };
		836FBD8413F37C1900AFC570 /* NSDictionary+ConciseKit.m in Sources */ = {isa = PBXBuildFile; fileRef = 836FBD7D13F37C1900AFC570 /* NSDictionary+ConciseKit.m */; };
		836FBD8513F37C1900AFC570 /* NSString+ConciseKit.m in Sources */ = {isa = PBXBuildFile; fileRef = 836FBD7F13F37C1900AFC570 /* NSString+ConciseKit.m */; };
		836FBD8613F37C1900AFC570 /* README.markdown in Resources */ = {isa = PBXBuildFile; fileRef = 836FBD8013F37C1900AFC570 /* README.markdown */; };
		837E556113F3DB3F007DC47F /* CFNetwork.framework in Frameworks */ = {isa = PBXBuildFile; fileRef = 837E556013F3DB3F007DC47F /* CFNetwork.framework */; };
		837E556413F3DB46007DC47F /* SystemConfiguration.framework in Frameworks */ = {isa = PBXBuildFile; fileRef = 837E556313F3DB46007DC47F /* SystemConfiguration.framework */; };
		837E556613F3DB4C007DC47F /* MobileCoreServices.framework in Frameworks */ = {isa = PBXBuildFile; fileRef = 837E556513F3DB4C007DC47F /* MobileCoreServices.framework */; };
		837E556913F3DB5C007DC47F /* libz.dylib in Frameworks */ = {isa = PBXBuildFile; fileRef = 837E556813F3DB5C007DC47F /* libz.dylib */; };
		837E558113F3DBA1007DC47F /* ASIAuthenticationDialog.m in Sources */ = {isa = PBXBuildFile; fileRef = 837E556C13F3DBA1007DC47F /* ASIAuthenticationDialog.m */; };
		837E558213F3DBA1007DC47F /* ASIDataCompressor.m in Sources */ = {isa = PBXBuildFile; fileRef = 837E556F13F3DBA1007DC47F /* ASIDataCompressor.m */; };
		837E558313F3DBA1007DC47F /* ASIDataDecompressor.m in Sources */ = {isa = PBXBuildFile; fileRef = 837E557113F3DBA1007DC47F /* ASIDataDecompressor.m */; };
		837E558413F3DBA1007DC47F /* ASIDownloadCache.m in Sources */ = {isa = PBXBuildFile; fileRef = 837E557313F3DBA1007DC47F /* ASIDownloadCache.m */; };
		837E558513F3DBA1007DC47F /* ASIFormDataRequest.m in Sources */ = {isa = PBXBuildFile; fileRef = 837E557513F3DBA1007DC47F /* ASIFormDataRequest.m */; };
		837E558613F3DBA1007DC47F /* ASIHTTPRequest.m in Sources */ = {isa = PBXBuildFile; fileRef = 837E557713F3DBA1007DC47F /* ASIHTTPRequest.m */; };
		837E558713F3DBA1007DC47F /* ASIInputStream.m in Sources */ = {isa = PBXBuildFile; fileRef = 837E557B13F3DBA1007DC47F /* ASIInputStream.m */; };
		837E558813F3DBA1007DC47F /* ASINetworkQueue.m in Sources */ = {isa = PBXBuildFile; fileRef = 837E557D13F3DBA1007DC47F /* ASINetworkQueue.m */; };
		837E558913F3DBA1007DC47F /* Reachability.m in Sources */ = {isa = PBXBuildFile; fileRef = 837E558013F3DBA1007DC47F /* Reachability.m */; };
		83F1A88B13F37A36003E1EC9 /* HnDb.m in Sources */ = {isa = PBXBuildFile; fileRef = 83F1A88A13F37A36003E1EC9 /* HnDb.m */; };
		83F62D0113F3E5F000A322E6 /* speechmedia.png in Resources */ = {isa = PBXBuildFile; fileRef = 83F62CFF13F3E5F000A322E6 /* speechmedia.png */; };
		83F62D0213F3E5F000A322E6 /* speechmedia@2x.png in Resources */ = {isa = PBXBuildFile; fileRef = 83F62D0013F3E5F000A322E6 /* speechmedia@2x.png */; };
		83F62D0513F3E65E00A322E6 /* newspaper.png in Resources */ = {isa = PBXBuildFile; fileRef = 83F62D0313F3E65E00A322E6 /* newspaper.png */; };
		83F62D0613F3E65E00A322E6 /* newspaper@2x.png in Resources */ = {isa = PBXBuildFile; fileRef = 83F62D0413F3E65E00A322E6 /* newspaper@2x.png */; };
		83F62D0913F3E6DB00A322E6 /* briefcase.png in Resources */ = {isa = PBXBuildFile; fileRef = 83F62D0713F3E6DB00A322E6 /* briefcase.png */; };
		83F62D0A13F3E6DB00A322E6 /* briefcase@2X.png in Resources */ = {isa = PBXBuildFile; fileRef = 83F62D0813F3E6DB00A322E6 /* briefcase@2X.png */; };
/* End PBXBuildFile section */

/* Begin PBXFileReference section */
		8334696813F28D1F00ACD8BE /* HackerNewsReader.app */ = {isa = PBXFileReference; explicitFileType = wrapper.application; includeInIndex = 0; path = HackerNewsReader.app; sourceTree = BUILT_PRODUCTS_DIR; };
		8334696C13F28D1F00ACD8BE /* UIKit.framework */ = {isa = PBXFileReference; lastKnownFileType = wrapper.framework; name = UIKit.framework; path = System/Library/Frameworks/UIKit.framework; sourceTree = SDKROOT; };
		8334696E13F28D1F00ACD8BE /* Foundation.framework */ = {isa = PBXFileReference; lastKnownFileType = wrapper.framework; name = Foundation.framework; path = System/Library/Frameworks/Foundation.framework; sourceTree = SDKROOT; };
		8334697013F28D1F00ACD8BE /* CoreGraphics.framework */ = {isa = PBXFileReference; lastKnownFileType = wrapper.framework; name = CoreGraphics.framework; path = System/Library/Frameworks/CoreGraphics.framework; sourceTree = SDKROOT; };
		8334697413F28D1F00ACD8BE /* HackerNewsReader-Info.plist */ = {isa = PBXFileReference; lastKnownFileType = text.plist.xml; path = "HackerNewsReader-Info.plist"; sourceTree = "<group>"; };
		8334697613F28D1F00ACD8BE /* en */ = {isa = PBXFileReference; lastKnownFileType = text.plist.strings; name = en; path = en.lproj/InfoPlist.strings; sourceTree = "<group>"; };
		8334697813F28D1F00ACD8BE /* HackerNewsReader-Prefix.pch */ = {isa = PBXFileReference; lastKnownFileType = sourcecode.c.h; path = "HackerNewsReader-Prefix.pch"; sourceTree = "<group>"; };
		8334697913F28D1F00ACD8BE /* main.m */ = {isa = PBXFileReference; lastKnownFileType = sourcecode.c.objc; path = main.m; sourceTree = "<group>"; };
		8334697B13F28D1F00ACD8BE /* HackerNewsReaderAppDelegate.h */ = {isa = PBXFileReference; lastKnownFileType = sourcecode.c.h; path = HackerNewsReaderAppDelegate.h; sourceTree = "<group>"; };
		8334697C13F28D1F00ACD8BE /* HackerNewsReaderAppDelegate.m */ = {isa = PBXFileReference; lastKnownFileType = sourcecode.c.objc; path = HackerNewsReaderAppDelegate.m; sourceTree = "<group>"; };
		8334697F13F28D1F00ACD8BE /* en */ = {isa = PBXFileReference; lastKnownFileType = file.xib; name = en; path = en.lproj/MainWindow.xib; sourceTree = "<group>"; };
		8334699313F2903200ACD8BE /* Home.h */ = {isa = PBXFileReference; fileEncoding = 4; lastKnownFileType = sourcecode.c.h; path = Home.h; sourceTree = "<group>"; };
		8334699413F2903200ACD8BE /* Home.m */ = {isa = PBXFileReference; fileEncoding = 4; lastKnownFileType = sourcecode.c.objc; path = Home.m; sourceTree = "<group>"; };
		8334699513F2903200ACD8BE /* Home.xib */ = {isa = PBXFileReference; fileEncoding = 4; lastKnownFileType = file.xib; path = Home.xib; sourceTree = "<group>"; };
		8334699913F2911700ACD8BE /* house.png */ = {isa = PBXFileReference; lastKnownFileType = image.png; path = house.png; sourceTree = "<group>"; };
		8334699A13F2911700ACD8BE /* house@2x.png */ = {isa = PBXFileReference; lastKnownFileType = image.png; path = "house@2x.png"; sourceTree = "<group>"; };
		8334699D13F2915400ACD8BE /* Readme.txt */ = {isa = PBXFileReference; fileEncoding = 4; lastKnownFileType = text; path = Readme.txt; sourceTree = "<group>"; };
		8334699F13F2935100ACD8BE /* NewArticles.h */ = {isa = PBXFileReference; fileEncoding = 4; lastKnownFileType = sourcecode.c.h; path = NewArticles.h; sourceTree = "<group>"; };
		833469A013F2935100ACD8BE /* NewArticles.m */ = {isa = PBXFileReference; fileEncoding = 4; lastKnownFileType = sourcecode.c.objc; path = NewArticles.m; sourceTree = "<group>"; };
		833469A113F2935100ACD8BE /* NewArticles.xib */ = {isa = PBXFileReference; fileEncoding = 4; lastKnownFileType = file.xib; path = NewArticles.xib; sourceTree = "<group>"; };
		833469A413F293C000ACD8BE /* Classic.h */ = {isa = PBXFileReference; fileEncoding = 4; lastKnownFileType = sourcecode.c.h; path = Classic.h; sourceTree = "<group>"; };
		833469A513F293C000ACD8BE /* Classic.m */ = {isa = PBXFileReference; fileEncoding = 4; lastKnownFileType = sourcecode.c.objc; path = Classic.m; sourceTree = "<group>"; };
		833469A613F293C000ACD8BE /* Classic.xib */ = {isa = PBXFileReference; fileEncoding = 4; lastKnownFileType = file.xib; path = Classic.xib; sourceTree = "<group>"; };
		833469A913F293C800ACD8BE /* alarm.png */ = {isa = PBXFileReference; lastKnownFileType = image.png; path = alarm.png; sourceTree = "<group>"; };
		833469AA13F293C800ACD8BE /* alarm@2x.png */ = {isa = PBXFileReference; lastKnownFileType = image.png; path = "alarm@2x.png"; sourceTree = "<group>"; };
		833469AD13F2942200ACD8BE /* fire.png */ = {isa = PBXFileReference; lastKnownFileType = image.png; path = fire.png; sourceTree = "<group>"; };
		833469AE13F2942200ACD8BE /* fire@2x.png */ = {isa = PBXFileReference; lastKnownFileType = image.png; path = "fire@2x.png"; sourceTree = "<group>"; };
		833469B113F2945300ACD8BE /* Best.h */ = {isa = PBXFileReference; fileEncoding = 4; lastKnownFileType = sourcecode.c.h; path = Best.h; sourceTree = "<group>"; };
		833469B213F2945300ACD8BE /* Best.m */ = {isa = PBXFileReference; fileEncoding = 4; lastKnownFileType = sourcecode.c.objc; path = Best.m; sourceTree = "<group>"; };
		833469B313F2945300ACD8BE /* Best.xib */ = {isa = PBXFileReference; fileEncoding = 4; lastKnownFileType = file.xib; path = Best.xib; sourceTree = "<group>"; };
		833469B613F350F900ACD8BE /* Comments.h */ = {isa = PBXFileReference; fileEncoding = 4; lastKnownFileType = sourcecode.c.h; path = Comments.h; sourceTree = "<group>"; };
		833469B713F350F900ACD8BE /* Comments.m */ = {isa = PBXFileReference; fileEncoding = 4; lastKnownFileType = sourcecode.c.objc; path = Comments.m; sourceTree = "<group>"; };
		833469B813F350F900ACD8BE /* Comments.xib */ = {isa = PBXFileReference; fileEncoding = 4; lastKnownFileType = file.xib; path = Comments.xib; sourceTree = "<group>"; };
		834D0EE913F35EB900ECDAE7 /* FMDatabase.h */ = {isa = PBXFileReference; fileEncoding = 4; lastKnownFileType = sourcecode.c.h; path = FMDatabase.h; sourceTree = "<group>"; };
		834D0EEA13F35EB900ECDAE7 /* FMDatabase.m */ = {isa = PBXFileReference; fileEncoding = 4; lastKnownFileType = sourcecode.c.objc; path = FMDatabase.m; sourceTree = "<group>"; };
		834D0EEB13F35EB900ECDAE7 /* FMDatabaseAdditions.h */ = {isa = PBXFileReference; fileEncoding = 4; lastKnownFileType = sourcecode.c.h; path = FMDatabaseAdditions.h; sourceTree = "<group>"; };
		834D0EEC13F35EB900ECDAE7 /* FMDatabaseAdditions.m */ = {isa = PBXFileReference; fileEncoding = 4; lastKnownFileType = sourcecode.c.objc; path = FMDatabaseAdditions.m; sourceTree = "<group>"; };
		834D0EED13F35EB900ECDAE7 /* FMResultSet.h */ = {isa = PBXFileReference; fileEncoding = 4; lastKnownFileType = sourcecode.c.h; path = FMResultSet.h; sourceTree = "<group>"; };
		834D0EEE13F35EB900ECDAE7 /* FMResultSet.m */ = {isa = PBXFileReference; fileEncoding = 4; lastKnownFileType = sourcecode.c.objc; path = FMResultSet.m; sourceTree = "<group>"; };
		834D0EEF13F35EB900ECDAE7 /* LICENSE.txt */ = {isa = PBXFileReference; fileEncoding = 4; lastKnownFileType = text; path = LICENSE.txt; sourceTree = "<group>"; };
		834D0EF513F35ED000ECDAE7 /* libsqlite3.dylib */ = {isa = PBXFileReference; lastKnownFileType = "compiled.mach-o.dylib"; name = libsqlite3.dylib; path = usr/lib/libsqlite3.dylib; sourceTree = SDKROOT; };
		835B9DA513F3EB0D00EDA41B /* HnScraper.h */ = {isa = PBXFileReference; fileEncoding = 4; lastKnownFileType = sourcecode.c.h; path = HnScraper.h; sourceTree = "<group>"; };
		835B9DA613F3EB0D00EDA41B /* HnScraper.m */ = {isa = PBXFileReference; fileEncoding = 4; lastKnownFileType = sourcecode.c.objc; path = HnScraper.m; sourceTree = "<group>"; };
		836FBD7413F37C1900AFC570 /* CKAdditions.h */ = {isa = PBXFileReference; fileEncoding = 4; lastKnownFileType = sourcecode.c.h; path = CKAdditions.h; sourceTree = "<group>"; };
		836FBD7513F37C1900AFC570 /* CKMacros.h */ = {isa = PBXFileReference; fileEncoding = 4; lastKnownFileType = sourcecode.c.h; path = CKMacros.h; sourceTree = "<group>"; };
		836FBD7613F37C1900AFC570 /* CKSingleton.h */ = {isa = PBXFileReference; fileEncoding = 4; lastKnownFileType = sourcecode.c.h; path = CKSingleton.h; sourceTree = "<group>"; };
		836FBD7713F37C1900AFC570 /* ConciseKit.h */ = {isa = PBXFileReference; fileEncoding = 4; lastKnownFileType = sourcecode.c.h; path = ConciseKit.h; sourceTree = "<group>"; };
		836FBD7813F37C1900AFC570 /* ConciseKit.m */ = {isa = PBXFileReference; fileEncoding = 4; lastKnownFileType = sourcecode.c.objc; path = ConciseKit.m; sourceTree = "<group>"; };
		836FBD7913F37C1900AFC570 /* LICENSE */ = {isa = PBXFileReference; fileEncoding = 4; lastKnownFileType = text; path = LICENSE; sourceTree = "<group>"; };
		836FBD7A13F37C1900AFC570 /* NSArray+ConciseKit.h */ = {isa = PBXFileReference; fileEncoding = 4; lastKnownFileType = sourcecode.c.h; path = "NSArray+ConciseKit.h"; sourceTree = "<group>"; };
		836FBD7B13F37C1900AFC570 /* NSArray+ConciseKit.m */ = {isa = PBXFileReference; fileEncoding = 4; lastKnownFileType = sourcecode.c.objc; path = "NSArray+ConciseKit.m"; sourceTree = "<group>"; };
		836FBD7C13F37C1900AFC570 /* NSDictionary+ConciseKit.h */ = {isa = PBXFileReference; fileEncoding = 4; lastKnownFileType = sourcecode.c.h; path = "NSDictionary+ConciseKit.h"; sourceTree = "<group>"; };
		836FBD7D13F37C1900AFC570 /* NSDictionary+ConciseKit.m */ = {isa = PBXFileReference; fileEncoding = 4; lastKnownFileType = sourcecode.c.objc; path = "NSDictionary+ConciseKit.m"; sourceTree = "<group>"; };
		836FBD7E13F37C1900AFC570 /* NSString+ConciseKit.h */ = {isa = PBXFileReference; fileEncoding = 4; lastKnownFileType = sourcecode.c.h; path = "NSString+ConciseKit.h"; sourceTree = "<group>"; };
		836FBD7F13F37C1900AFC570 /* NSString+ConciseKit.m */ = {isa = PBXFileReference; fileEncoding = 4; lastKnownFileType = sourcecode.c.objc; path = "NSString+ConciseKit.m"; sourceTree = "<group>"; };
		836FBD8013F37C1900AFC570 /* README.markdown */ = {isa = PBXFileReference; fileEncoding = 4; lastKnownFileType = text; path = README.markdown; sourceTree = "<group>"; };
		837E556013F3DB3F007DC47F /* CFNetwork.framework */ = {isa = PBXFileReference; lastKnownFileType = wrapper.framework; name = CFNetwork.framework; path = System/Library/Frameworks/CFNetwork.framework; sourceTree = SDKROOT; };
		837E556313F3DB46007DC47F /* SystemConfiguration.framework */ = {isa = PBXFileReference; lastKnownFileType = wrapper.framework; name = SystemConfiguration.framework; path = System/Library/Frameworks/SystemConfiguration.framework; sourceTree = SDKROOT; };
		837E556513F3DB4C007DC47F /* MobileCoreServices.framework */ = {isa = PBXFileReference; lastKnownFileType = wrapper.framework; name = MobileCoreServices.framework; path = System/Library/Frameworks/MobileCoreServices.framework; sourceTree = SDKROOT; };
		837E556713F3DB54007DC47F /* CoreGraphics.framework */ = {isa = PBXFileReference; lastKnownFileType = wrapper.framework; name = CoreGraphics.framework; path = System/Library/Frameworks/CoreGraphics.framework; sourceTree = SDKROOT; };
		837E556813F3DB5C007DC47F /* libz.dylib */ = {isa = PBXFileReference; lastKnownFileType = "compiled.mach-o.dylib"; name = libz.dylib; path = usr/lib/libz.dylib; sourceTree = SDKROOT; };
		837E556B13F3DBA1007DC47F /* ASIAuthenticationDialog.h */ = {isa = PBXFileReference; fileEncoding = 4; lastKnownFileType = sourcecode.c.h; path = ASIAuthenticationDialog.h; sourceTree = "<group>"; };
		837E556C13F3DBA1007DC47F /* ASIAuthenticationDialog.m */ = {isa = PBXFileReference; fileEncoding = 4; lastKnownFileType = sourcecode.c.objc; path = ASIAuthenticationDialog.m; sourceTree = "<group>"; };
		837E556D13F3DBA1007DC47F /* ASICacheDelegate.h */ = {isa = PBXFileReference; fileEncoding = 4; lastKnownFileType = sourcecode.c.h; path = ASICacheDelegate.h; sourceTree = "<group>"; };
		837E556E13F3DBA1007DC47F /* ASIDataCompressor.h */ = {isa = PBXFileReference; fileEncoding = 4; lastKnownFileType = sourcecode.c.h; path = ASIDataCompressor.h; sourceTree = "<group>"; };
		837E556F13F3DBA1007DC47F /* ASIDataCompressor.m */ = {isa = PBXFileReference; fileEncoding = 4; lastKnownFileType = sourcecode.c.objc; path = ASIDataCompressor.m; sourceTree = "<group>"; };
		837E557013F3DBA1007DC47F /* ASIDataDecompressor.h */ = {isa = PBXFileReference; fileEncoding = 4; lastKnownFileType = sourcecode.c.h; path = ASIDataDecompressor.h; sourceTree = "<group>"; };
		837E557113F3DBA1007DC47F /* ASIDataDecompressor.m */ = {isa = PBXFileReference; fileEncoding = 4; lastKnownFileType = sourcecode.c.objc; path = ASIDataDecompressor.m; sourceTree = "<group>"; };
		837E557213F3DBA1007DC47F /* ASIDownloadCache.h */ = {isa = PBXFileReference; fileEncoding = 4; lastKnownFileType = sourcecode.c.h; path = ASIDownloadCache.h; sourceTree = "<group>"; };
		837E557313F3DBA1007DC47F /* ASIDownloadCache.m */ = {isa = PBXFileReference; fileEncoding = 4; lastKnownFileType = sourcecode.c.objc; path = ASIDownloadCache.m; sourceTree = "<group>"; };
		837E557413F3DBA1007DC47F /* ASIFormDataRequest.h */ = {isa = PBXFileReference; fileEncoding = 4; lastKnownFileType = sourcecode.c.h; path = ASIFormDataRequest.h; sourceTree = "<group>"; };
		837E557513F3DBA1007DC47F /* ASIFormDataRequest.m */ = {isa = PBXFileReference; fileEncoding = 4; lastKnownFileType = sourcecode.c.objc; path = ASIFormDataRequest.m; sourceTree = "<group>"; };
		837E557613F3DBA1007DC47F /* ASIHTTPRequest.h */ = {isa = PBXFileReference; fileEncoding = 4; lastKnownFileType = sourcecode.c.h; path = ASIHTTPRequest.h; sourceTree = "<group>"; };
		837E557713F3DBA1007DC47F /* ASIHTTPRequest.m */ = {isa = PBXFileReference; fileEncoding = 4; lastKnownFileType = sourcecode.c.objc; path = ASIHTTPRequest.m; sourceTree = "<group>"; };
		837E557813F3DBA1007DC47F /* ASIHTTPRequestConfig.h */ = {isa = PBXFileReference; fileEncoding = 4; lastKnownFileType = sourcecode.c.h; path = ASIHTTPRequestConfig.h; sourceTree = "<group>"; };
		837E557913F3DBA1007DC47F /* ASIHTTPRequestDelegate.h */ = {isa = PBXFileReference; fileEncoding = 4; lastKnownFileType = sourcecode.c.h; path = ASIHTTPRequestDelegate.h; sourceTree = "<group>"; };
		837E557A13F3DBA1007DC47F /* ASIInputStream.h */ = {isa = PBXFileReference; fileEncoding = 4; lastKnownFileType = sourcecode.c.h; path = ASIInputStream.h; sourceTree = "<group>"; };
		837E557B13F3DBA1007DC47F /* ASIInputStream.m */ = {isa = PBXFileReference; fileEncoding = 4; lastKnownFileType = sourcecode.c.objc; path = ASIInputStream.m; sourceTree = "<group>"; };
		837E557C13F3DBA1007DC47F /* ASINetworkQueue.h */ = {isa = PBXFileReference; fileEncoding = 4; lastKnownFileType = sourcecode.c.h; path = ASINetworkQueue.h; sourceTree = "<group>"; };
		837E557D13F3DBA1007DC47F /* ASINetworkQueue.m */ = {isa = PBXFileReference; fileEncoding = 4; lastKnownFileType = sourcecode.c.objc; path = ASINetworkQueue.m; sourceTree = "<group>"; };
		837E557E13F3DBA1007DC47F /* ASIProgressDelegate.h */ = {isa = PBXFileReference; fileEncoding = 4; lastKnownFileType = sourcecode.c.h; path = ASIProgressDelegate.h; sourceTree = "<group>"; };
		837E557F13F3DBA1007DC47F /* Reachability.h */ = {isa = PBXFileReference; fileEncoding = 4; lastKnownFileType = sourcecode.c.h; path = Reachability.h; sourceTree = "<group>"; };
		837E558013F3DBA1007DC47F /* Reachability.m */ = {isa = PBXFileReference; fileEncoding = 4; lastKnownFileType = sourcecode.c.objc; path = Reachability.m; sourceTree = "<group>"; };
		83F1A88913F37A36003E1EC9 /* HnDb.h */ = {isa = PBXFileReference; fileEncoding = 4; lastKnownFileType = sourcecode.c.h; path = HnDb.h; sourceTree = "<group>"; };
		83F1A88A13F37A36003E1EC9 /* HnDb.m */ = {isa = PBXFileReference; fileEncoding = 4; lastKnownFileType = sourcecode.c.objc; path = HnDb.m; sourceTree = "<group>"; };
		83F62CFF13F3E5F000A322E6 /* speechmedia.png */ = {isa = PBXFileReference; lastKnownFileType = image.png; path = speechmedia.png; sourceTree = "<group>"; };
		83F62D0013F3E5F000A322E6 /* speechmedia@2x.png */ = {isa = PBXFileReference; lastKnownFileType = image.png; path = "speechmedia@2x.png"; sourceTree = "<group>"; };
		83F62D0313F3E65E00A322E6 /* newspaper.png */ = {isa = PBXFileReference; lastKnownFileType = image.png; path = newspaper.png; sourceTree = "<group>"; };
		83F62D0413F3E65E00A322E6 /* newspaper@2x.png */ = {isa = PBXFileReference; lastKnownFileType = image.png; path = "newspaper@2x.png"; sourceTree = "<group>"; };
		83F62D0713F3E6DB00A322E6 /* briefcase.png */ = {isa = PBXFileReference; lastKnownFileType = image.png; path = briefcase.png; sourceTree = "<group>"; };
		83F62D0813F3E6DB00A322E6 /* briefcase@2X.png */ = {isa = PBXFileReference; lastKnownFileType = image.png; path = "briefcase@2X.png"; sourceTree = "<group>"; };
/* End PBXFileReference section */

/* Begin PBXFrameworksBuildPhase section */
		8334696513F28D1F00ACD8BE /* Frameworks */ = {
			isa = PBXFrameworksBuildPhase;
			buildActionMask = 2147483647;
			files = (
				837E556913F3DB5C007DC47F /* libz.dylib in Frameworks */,
				8334697113F28D1F00ACD8BE /* CoreGraphics.framework in Frameworks */,
				837E556613F3DB4C007DC47F /* MobileCoreServices.framework in Frameworks */,
				837E556413F3DB46007DC47F /* SystemConfiguration.framework in Frameworks */,
				837E556113F3DB3F007DC47F /* CFNetwork.framework in Frameworks */,
				834D0EF613F35ED000ECDAE7 /* libsqlite3.dylib in Frameworks */,
				8334696D13F28D1F00ACD8BE /* UIKit.framework in Frameworks */,
				8334696F13F28D1F00ACD8BE /* Foundation.framework in Frameworks */,
			);
			runOnlyForDeploymentPostprocessing = 0;
		};
/* End PBXFrameworksBuildPhase section */

/* Begin PBXGroup section */
		8334695D13F28D1F00ACD8BE = {
			isa = PBXGroup;
			children = (
				8334697213F28D1F00ACD8BE /* HackerNewsReader */,
				8334696B13F28D1F00ACD8BE /* Frameworks */,
				8334696913F28D1F00ACD8BE /* Products */,
			);
			sourceTree = "<group>";
		};
		8334696913F28D1F00ACD8BE /* Products */ = {
			isa = PBXGroup;
			children = (
				8334696813F28D1F00ACD8BE /* HackerNewsReader.app */,
			);
			name = Products;
			sourceTree = "<group>";
		};
		8334696B13F28D1F00ACD8BE /* Frameworks */ = {
			isa = PBXGroup;
			children = (
				837E556813F3DB5C007DC47F /* libz.dylib */,
				837E556713F3DB54007DC47F /* CoreGraphics.framework */,
				837E556513F3DB4C007DC47F /* MobileCoreServices.framework */,
				837E556313F3DB46007DC47F /* SystemConfiguration.framework */,
				837E556013F3DB3F007DC47F /* CFNetwork.framework */,
				834D0EF513F35ED000ECDAE7 /* libsqlite3.dylib */,
				8334696C13F28D1F00ACD8BE /* UIKit.framework */,
				8334696E13F28D1F00ACD8BE /* Foundation.framework */,
				8334697013F28D1F00ACD8BE /* CoreGraphics.framework */,
			);
			name = Frameworks;
			sourceTree = "<group>";
		};
		8334697213F28D1F00ACD8BE /* HackerNewsReader */ = {
			isa = PBXGroup;
			children = (
				837E558A13F3DBF5007DC47F /* Scraper */,
				837E556A13F3DBA1007DC47F /* asi-http-request */,
				836FBD7313F37C1900AFC570 /* ConciseKit */,
				83F1A88813F37A36003E1EC9 /* HnDb */,
				834D0EE813F35EB900ECDAE7 /* fmdb */,
				8334699813F2911700ACD8BE /* Assets */,
				8334699213F2900900ACD8BE /* Tabs */,
				8334697B13F28D1F00ACD8BE /* HackerNewsReaderAppDelegate.h */,
				8334697C13F28D1F00ACD8BE /* HackerNewsReaderAppDelegate.m */,
				8334697E13F28D1F00ACD8BE /* MainWindow.xib */,
				8334699D13F2915400ACD8BE /* Readme.txt */,
				8334697313F28D1F00ACD8BE /* Supporting Files */,
			);
			path = HackerNewsReader;
			sourceTree = "<group>";
		};
		8334697313F28D1F00ACD8BE /* Supporting Files */ = {
			isa = PBXGroup;
			children = (
				8334697413F28D1F00ACD8BE /* HackerNewsReader-Info.plist */,
				8334697513F28D1F00ACD8BE /* InfoPlist.strings */,
				8334697813F28D1F00ACD8BE /* HackerNewsReader-Prefix.pch */,
				8334697913F28D1F00ACD8BE /* main.m */,
			);
			name = "Supporting Files";
			sourceTree = "<group>";
		};
		8334699213F2900900ACD8BE /* Tabs */ = {
			isa = PBXGroup;
			children = (
				8334699313F2903200ACD8BE /* Home.h */,
				8334699413F2903200ACD8BE /* Home.m */,
				8334699513F2903200ACD8BE /* Home.xib */,
				8334699F13F2935100ACD8BE /* NewArticles.h */,
				833469A013F2935100ACD8BE /* NewArticles.m */,
				833469A113F2935100ACD8BE /* NewArticles.xib */,
				833469A413F293C000ACD8BE /* Classic.h */,
				833469A513F293C000ACD8BE /* Classic.m */,
				833469A613F293C000ACD8BE /* Classic.xib */,
				833469B113F2945300ACD8BE /* Best.h */,
				833469B213F2945300ACD8BE /* Best.m */,
				833469B313F2945300ACD8BE /* Best.xib */,
				833469B613F350F900ACD8BE /* Comments.h */,
				833469B713F350F900ACD8BE /* Comments.m */,
				833469B813F350F900ACD8BE /* Comments.xib */,
			);
			path = Tabs;
			sourceTree = "<group>";
		};
		8334699813F2911700ACD8BE /* Assets */ = {
			isa = PBXGroup;
			children = (
				83F62D0713F3E6DB00A322E6 /* briefcase.png */,
				83F62D0813F3E6DB00A322E6 /* briefcase@2X.png */,
				83F62D0313F3E65E00A322E6 /* newspaper.png */,
				83F62D0413F3E65E00A322E6 /* newspaper@2x.png */,
				83F62CFF13F3E5F000A322E6 /* speechmedia.png */,
				83F62D0013F3E5F000A322E6 /* speechmedia@2x.png */,
				8334699913F2911700ACD8BE /* house.png */,
				8334699A13F2911700ACD8BE /* house@2x.png */,
				833469A913F293C800ACD8BE /* alarm.png */,
				833469AA13F293C800ACD8BE /* alarm@2x.png */,
				833469AD13F2942200ACD8BE /* fire.png */,
				833469AE13F2942200ACD8BE /* fire@2x.png */,
			);
			path = Assets;
			sourceTree = "<group>";
		};
		834D0EE813F35EB900ECDAE7 /* fmdb */ = {
			isa = PBXGroup;
			children = (
				834D0EE913F35EB900ECDAE7 /* FMDatabase.h */,
				834D0EEA13F35EB900ECDAE7 /* FMDatabase.m */,
				834D0EEB13F35EB900ECDAE7 /* FMDatabaseAdditions.h */,
				834D0EEC13F35EB900ECDAE7 /* FMDatabaseAdditions.m */,
				834D0EED13F35EB900ECDAE7 /* FMResultSet.h */,
				834D0EEE13F35EB900ECDAE7 /* FMResultSet.m */,
				834D0EEF13F35EB900ECDAE7 /* LICENSE.txt */,
			);
			path = fmdb;
			sourceTree = "<group>";
		};
		836FBD7313F37C1900AFC570 /* ConciseKit */ = {
			isa = PBXGroup;
			children = (
				836FBD7413F37C1900AFC570 /* CKAdditions.h */,
				836FBD7513F37C1900AFC570 /* CKMacros.h */,
				836FBD7613F37C1900AFC570 /* CKSingleton.h */,
				836FBD7713F37C1900AFC570 /* ConciseKit.h */,
				836FBD7813F37C1900AFC570 /* ConciseKit.m */,
				836FBD7913F37C1900AFC570 /* LICENSE */,
				836FBD7A13F37C1900AFC570 /* NSArray+ConciseKit.h */,
				836FBD7B13F37C1900AFC570 /* NSArray+ConciseKit.m */,
				836FBD7C13F37C1900AFC570 /* NSDictionary+ConciseKit.h */,
				836FBD7D13F37C1900AFC570 /* NSDictionary+ConciseKit.m */,
				836FBD7E13F37C1900AFC570 /* NSString+ConciseKit.h */,
				836FBD7F13F37C1900AFC570 /* NSString+ConciseKit.m */,
				836FBD8013F37C1900AFC570 /* README.markdown */,
			);
			path = ConciseKit;
			sourceTree = "<group>";
		};
		837E556A13F3DBA1007DC47F /* asi-http-request */ = {
			isa = PBXGroup;
			children = (
				837E556B13F3DBA1007DC47F /* ASIAuthenticationDialog.h */,
				837E556C13F3DBA1007DC47F /* ASIAuthenticationDialog.m */,
				837E556D13F3DBA1007DC47F /* ASICacheDelegate.h */,
				837E556E13F3DBA1007DC47F /* ASIDataCompressor.h */,
				837E556F13F3DBA1007DC47F /* ASIDataCompressor.m */,
				837E557013F3DBA1007DC47F /* ASIDataDecompressor.h */,
				837E557113F3DBA1007DC47F /* ASIDataDecompressor.m */,
				837E557213F3DBA1007DC47F /* ASIDownloadCache.h */,
				837E557313F3DBA1007DC47F /* ASIDownloadCache.m */,
				837E557413F3DBA1007DC47F /* ASIFormDataRequest.h */,
				837E557513F3DBA1007DC47F /* ASIFormDataRequest.m */,
				837E557613F3DBA1007DC47F /* ASIHTTPRequest.h */,
				837E557713F3DBA1007DC47F /* ASIHTTPRequest.m */,
				837E557813F3DBA1007DC47F /* ASIHTTPRequestConfig.h */,
				837E557913F3DBA1007DC47F /* ASIHTTPRequestDelegate.h */,
				837E557A13F3DBA1007DC47F /* ASIInputStream.h */,
				837E557B13F3DBA1007DC47F /* ASIInputStream.m */,
				837E557C13F3DBA1007DC47F /* ASINetworkQueue.h */,
				837E557D13F3DBA1007DC47F /* ASINetworkQueue.m */,
				837E557E13F3DBA1007DC47F /* ASIProgressDelegate.h */,
				837E557F13F3DBA1007DC47F /* Reachability.h */,
				837E558013F3DBA1007DC47F /* Reachability.m */,
			);
			path = "asi-http-request";
			sourceTree = "<group>";
		};
		837E558A13F3DBF5007DC47F /* Scraper */ = {
			isa = PBXGroup;
			children = (
				835B9DA513F3EB0D00EDA41B /* HnScraper.h */,
				835B9DA613F3EB0D00EDA41B /* HnScraper.m */,
			);
			path = Scraper;
			sourceTree = "<group>";
		};
		83F1A88813F37A36003E1EC9 /* HnDb */ = {
			isa = PBXGroup;
			children = (
				83F1A88913F37A36003E1EC9 /* HnDb.h */,
				83F1A88A13F37A36003E1EC9 /* HnDb.m */,
			);
			path = HnDb;
			sourceTree = "<group>";
		};
/* End PBXGroup section */

/* Begin PBXNativeTarget section */
		8334696713F28D1F00ACD8BE /* HackerNewsReader */ = {
			isa = PBXNativeTarget;
			buildConfigurationList = 8334698F13F28D1F00ACD8BE /* Build configuration list for PBXNativeTarget "HackerNewsReader" */;
			buildPhases = (
				8334696413F28D1F00ACD8BE /* Sources */,
				8334696513F28D1F00ACD8BE /* Frameworks */,
				8334696613F28D1F00ACD8BE /* Resources */,
			);
			buildRules = (
			);
			dependencies = (
			);
			name = HackerNewsReader;
			productName = HackerNewsReader;
			productReference = 8334696813F28D1F00ACD8BE /* HackerNewsReader.app */;
			productType = "com.apple.product-type.application";
		};
/* End PBXNativeTarget section */

/* Begin PBXProject section */
		8334695F13F28D1F00ACD8BE /* Project object */ = {
			isa = PBXProject;
			buildConfigurationList = 8334696213F28D1F00ACD8BE /* Build configuration list for PBXProject "HackerNewsReader" */;
			compatibilityVersion = "Xcode 3.2";
			developmentRegion = English;
			hasScannedForEncodings = 0;
			knownRegions = (
				en,
			);
			mainGroup = 8334695D13F28D1F00ACD8BE;
			productRefGroup = 8334696913F28D1F00ACD8BE /* Products */;
			projectDirPath = "";
			projectRoot = "";
			targets = (
				8334696713F28D1F00ACD8BE /* HackerNewsReader */,
			);
		};
/* End PBXProject section */

/* Begin PBXResourcesBuildPhase section */
		8334696613F28D1F00ACD8BE /* Resources */ = {
			isa = PBXResourcesBuildPhase;
			buildActionMask = 2147483647;
			files = (
				8334697713F28D1F00ACD8BE /* InfoPlist.strings in Resources */,
				8334698013F28D1F00ACD8BE /* MainWindow.xib in Resources */,
				8334699713F2903200ACD8BE /* Home.xib in Resources */,
				8334699B13F2911700ACD8BE /* house.png in Resources */,
				8334699C13F2911700ACD8BE /* house@2x.png in Resources */,
				8334699E13F2915400ACD8BE /* Readme.txt in Resources */,
				833469A313F2935100ACD8BE /* NewArticles.xib in Resources */,
				833469A813F293C000ACD8BE /* Classic.xib in Resources */,
				833469AB13F293C800ACD8BE /* alarm.png in Resources */,
				833469AC13F293C800ACD8BE /* alarm@2x.png in Resources */,
				833469AF13F2942200ACD8BE /* fire.png in Resources */,
				833469B013F2942200ACD8BE /* fire@2x.png in Resources */,
				833469B513F2945300ACD8BE /* Best.xib in Resources */,
				833469BA13F350F900ACD8BE /* Comments.xib in Resources */,
				834D0EF313F35EB900ECDAE7 /* LICENSE.txt in Resources */,
				836FBD8213F37C1900AFC570 /* LICENSE in Resources */,
				836FBD8613F37C1900AFC570 /* README.markdown in Resources */,
				83F62D0113F3E5F000A322E6 /* speechmedia.png in Resources */,
				83F62D0213F3E5F000A322E6 /* speechmedia@2x.png in Resources */,
				83F62D0513F3E65E00A322E6 /* newspaper.png in Resources */,
				83F62D0613F3E65E00A322E6 /* newspaper@2x.png in Resources */,
				83F62D0913F3E6DB00A322E6 /* briefcase.png in Resources */,
				83F62D0A13F3E6DB00A322E6 /* briefcase@2X.png in Resources */,
			);
			runOnlyForDeploymentPostprocessing = 0;
		};
/* End PBXResourcesBuildPhase section */

/* Begin PBXSourcesBuildPhase section */
		8334696413F28D1F00ACD8BE /* Sources */ = {
			isa = PBXSourcesBuildPhase;
			buildActionMask = 2147483647;
			files = (
				8334697A13F28D1F00ACD8BE /* main.m in Sources */,
				8334697D13F28D1F00ACD8BE /* HackerNewsReaderAppDelegate.m in Sources */,
				8334699613F2903200ACD8BE /* Home.m in Sources */,
				833469A213F2935100ACD8BE /* NewArticles.m in Sources */,
				833469A713F293C000ACD8BE /* Classic.m in Sources */,
				833469B413F2945300ACD8BE /* Best.m in Sources */,
				833469B913F350F900ACD8BE /* Comments.m in Sources */,
				834D0EF013F35EB900ECDAE7 /* FMDatabase.m in Sources */,
				834D0EF113F35EB900ECDAE7 /* FMDatabaseAdditions.m in Sources */,
				834D0EF213F35EB900ECDAE7 /* FMResultSet.m in Sources */,
				83F1A88B13F37A36003E1EC9 /* HnDb.m in Sources */,
				836FBD8113F37C1900AFC570 /* ConciseKit.m in Sources */,
				836FBD8313F37C1900AFC570 /* NSArray+ConciseKit.m in Sources */,
				836FBD8413F37C1900AFC570 /* NSDictionary+ConciseKit.m in Sources */,
				836FBD8513F37C1900AFC570 /* NSString+ConciseKit.m in Sources */,
				837E558113F3DBA1007DC47F /* ASIAuthenticationDialog.m in Sources */,
				837E558213F3DBA1007DC47F /* ASIDataCompressor.m in Sources */,
				837E558313F3DBA1007DC47F /* ASIDataDecompressor.m in Sources */,
				837E558413F3DBA1007DC47F /* ASIDownloadCache.m in Sources */,
				837E558513F3DBA1007DC47F /* ASIFormDataRequest.m in Sources */,
				837E558613F3DBA1007DC47F /* ASIHTTPRequest.m in Sources */,
				837E558713F3DBA1007DC47F /* ASIInputStream.m in Sources */,
				837E558813F3DBA1007DC47F /* ASINetworkQueue.m in Sources */,
				837E558913F3DBA1007DC47F /* Reachability.m in Sources */,
				835B9DA713F3EB0D00EDA41B /* HnScraper.m in Sources */,
			);
			runOnlyForDeploymentPostprocessing = 0;
		};
/* End PBXSourcesBuildPhase section */

/* Begin PBXVariantGroup section */
		8334697513F28D1F00ACD8BE /* InfoPlist.strings */ = {
			isa = PBXVariantGroup;
			children = (
				8334697613F28D1F00ACD8BE /* en */,
			);
			name = InfoPlist.strings;
			sourceTree = "<group>";
		};
		8334697E13F28D1F00ACD8BE /* MainWindow.xib */ = {
			isa = PBXVariantGroup;
			children = (
				8334697F13F28D1F00ACD8BE /* en */,
			);
			name = MainWindow.xib;
			sourceTree = "<group>";
		};
/* End PBXVariantGroup section */

/* Begin XCBuildConfiguration section */
		8334698D13F28D1F00ACD8BE /* Debug */ = {
			isa = XCBuildConfiguration;
			buildSettings = {
				ARCHS = "$(ARCHS_STANDARD_32_BIT)";
				"CODE_SIGN_IDENTITY[sdk=iphoneos*]" = "iPhone Developer";
				GCC_C_LANGUAGE_STANDARD = gnu99;
				GCC_OPTIMIZATION_LEVEL = 0;
				GCC_PREPROCESSOR_DEFINITIONS = DEBUG;
				GCC_SYMBOLS_PRIVATE_EXTERN = NO;
				GCC_VERSION = com.apple.compilers.llvmgcc42;
				GCC_WARN_ABOUT_RETURN_TYPE = YES;
				GCC_WARN_UNUSED_VARIABLE = YES;
				IPHONEOS_DEPLOYMENT_TARGET = 4.3;
				SDKROOT = iphoneos;
			};
			name = Debug;
		};
		8334698E13F28D1F00ACD8BE /* Release */ = {
			isa = XCBuildConfiguration;
			buildSettings = {
				ARCHS = "$(ARCHS_STANDARD_32_BIT)";
				"CODE_SIGN_IDENTITY[sdk=iphoneos*]" = "iPhone Developer";
				GCC_C_LANGUAGE_STANDARD = gnu99;
				GCC_VERSION = com.apple.compilers.llvmgcc42;
				GCC_WARN_ABOUT_RETURN_TYPE = YES;
				GCC_WARN_UNUSED_VARIABLE = YES;
				IPHONEOS_DEPLOYMENT_TARGET = 4.3;
				OTHER_CFLAGS = "-DNS_BLOCK_ASSERTIONS=1";
				SDKROOT = iphoneos;
			};
			name = Release;
		};
		8334699013F28D1F00ACD8BE /* Debug */ = {
			isa = XCBuildConfiguration;
			buildSettings = {
				ALWAYS_SEARCH_USER_PATHS = NO;
				COPY_PHASE_STRIP = NO;
				GCC_DYNAMIC_NO_PIC = NO;
				GCC_PRECOMPILE_PREFIX_HEADER = YES;
				GCC_PREFIX_HEADER = "HackerNewsReader/HackerNewsReader-Prefix.pch";
				INFOPLIST_FILE = "HackerNewsReader/HackerNewsReader-Info.plist";
				IPHONEOS_DEPLOYMENT_TARGET = 4.2;
				PRODUCT_NAME = "$(TARGET_NAME)";
				WRAPPER_EXTENSION = app;
			};
			name = Debug;
		};
		8334699113F28D1F00ACD8BE /* Release */ = {
			isa = XCBuildConfiguration;
			buildSettings = {
				ALWAYS_SEARCH_USER_PATHS = NO;
				COPY_PHASE_STRIP = YES;
				GCC_PRECOMPILE_PREFIX_HEADER = YES;
				GCC_PREFIX_HEADER = "HackerNewsReader/HackerNewsReader-Prefix.pch";
				INFOPLIST_FILE = "HackerNewsReader/HackerNewsReader-Info.plist";
				IPHONEOS_DEPLOYMENT_TARGET = 4.2;
				PRODUCT_NAME = "$(TARGET_NAME)";
				VALIDATE_PRODUCT = YES;
				WRAPPER_EXTENSION = app;
			};
			name = Release;
		};
/* End XCBuildConfiguration section */

/* Begin XCConfigurationList section */
		8334696213F28D1F00ACD8BE /* Build configuration list for PBXProject "HackerNewsReader" */ = {
			isa = XCConfigurationList;
			buildConfigurations = (
				8334698D13F28D1F00ACD8BE /* Debug */,
				8334698E13F28D1F00ACD8BE /* Release */,
			);
			defaultConfigurationIsVisible = 0;
			defaultConfigurationName = Release;
		};
		8334698F13F28D1F00ACD8BE /* Build configuration list for PBXNativeTarget "HackerNewsReader" */ = {
			isa = XCConfigurationList;
			buildConfigurations = (
				8334699013F28D1F00ACD8BE /* Debug */,
				8334699113F28D1F00ACD8BE /* Release */,
			);
			defaultConfigurationIsVisible = 0;
			defaultConfigurationName = Release;
		};
/* End XCConfigurationList section */
	};
	rootObject = 8334695F13F28D1F00ACD8BE /* Project object */;
}
